
Microsoft Visual Studio Solution File, Format Version 12.00
# Visual Studio Version 17
VisualStudioVersion = 17.4.33205.214
MinimumVisualStudioVersion = 10.0.40219.1
Project("{9A19103F-16F7-4668-BE54-9A1E7A4F7556}") = "WebApiCrud", "WebApiExample\WebApiCrud.csproj", "{36D689F0-3471-470F-905C-505ED8621882}"
EndProject
Project("{00D1A9C2-B5F0-4AF3-8072-F6C62B433612}") = "WebApiCrud.DB", "WebApiCrud.DB\WebApiCrud.DB.sqlproj", "{3842869A-815C-421D-B5F6-F4CBEB4F99A0}"
EndProject
Global
	GlobalSection(SolutionConfigurationPlatforms) = preSolution
		Debug|Any CPU = Debug|Any CPU
		Release|Any CPU = Release|Any CPU
	EndGlobalSection
	GlobalSection(ProjectConfigurationPlatforms) = postSolution
		{36D689F0-3471-470F-905C-505ED8621882}.Debug|Any CPU.ActiveCfg = Debug|Any CPU
		{36D689F0-3471-470F-905C-505ED8621882}.Debug|Any CPU.Build.0 = Debug|Any CPU
		{36D689F0-3471-470F-905C-505ED8621882}.Release|Any CPU.ActiveCfg = Release|Any CPU
		{36D689F0-3471-470F-905C-505ED8621882}.Release|Any CPU.Build.0 = Release|Any CPU
		{3842869A-815C-421D-B5F6-F4CBEB4F99A0}.Debug|Any CPU.ActiveCfg = Debug|Any CPU
		{3842869A-815C-421D-B5F6-F4CBEB4F99A0}.Debug|Any CPU.Build.0 = Debug|Any CPU
		{3842869A-815C-421D-B5F6-F4CBEB4F99A0}.Debug|Any CPU.Deploy.0 = Debug|Any CPU
		{3842869A-815C-421D-B5F6-F4CBEB4F99A0}.Release|Any CPU.ActiveCfg = Release|Any CPU
		{3842869A-815C-421D-B5F6-F4CBEB4F99A0}.Release|Any CPU.Build.0 = Release|Any CPU
		{3842869A-815C-421D-B5F6-F4CBEB4F99A0}.Release|Any CPU.Deploy.0 = Release|Any CPU
	EndGlobalSection
	GlobalSection(SolutionProperties) = preSolution
		HideSolutionNode = FALSE
	EndGlobalSection
	GlobalSection(ExtensibilityGlobals) = postSolution
		SolutionGuid = {C5F9BE17-7017-428C-89CB-6D8A4BBCBE68}
	EndGlobalSection
EndGlobal
